// !$*UTF8*$!
{
	archiveVersion = 1;
	classes = {
	};
	objectVersion = 46;
	objects = {

/* Begin PBXBuildFile section */
		0B1449C318FDB78700E5F037 /* Images.xcassets in Resources */ = {isa = PBXBuildFile; fileRef = 0B1449B218FDB78700E5F037 /* Images.xcassets */; };
		0B1449C418FDB78700E5F037 /* Images.xcassets in Resources */ = {isa = PBXBuildFile; fileRef = 0B1449B218FDB78700E5F037 /* Images.xcassets */; };
		0B1449CB18FDB78700E5F037 /* KeenListener-Info.plist in Resources */ = {isa = PBXBuildFile; fileRef = 0B1449BF18FDB78700E5F037 /* KeenListener-Info.plist */; };
		0B1449CC18FDB78700E5F037 /* KeenListener-Info.plist in Resources */ = {isa = PBXBuildFile; fileRef = 0B1449BF18FDB78700E5F037 /* KeenListener-Info.plist */; };
		0B1449CD18FDB78700E5F037 /* main.m in Sources */ = {isa = PBXBuildFile; fileRef = 0B1449C118FDB78700E5F037 /* main.m */; };
		0B1449CE18FDB78700E5F037 /* main.m in Sources */ = {isa = PBXBuildFile; fileRef = 0B1449C118FDB78700E5F037 /* main.m */; };
		0B1449D118FDB8EB00E5F037 /* AppDelegate.m in Sources */ = {isa = PBXBuildFile; fileRef = 0B1449D018FDB8EB00E5F037 /* AppDelegate.m */; };
		0B1449D218FDB8EB00E5F037 /* AppDelegate.m in Sources */ = {isa = PBXBuildFile; fileRef = 0B1449D018FDB8EB00E5F037 /* AppDelegate.m */; };
		0B1449DB18FDB97400E5F037 /* Pages.storyboard in Resources */ = {isa = PBXBuildFile; fileRef = 0B1449DA18FDB97400E5F037 /* Pages.storyboard */; };
		0B1449DC18FDB97400E5F037 /* Pages.storyboard in Resources */ = {isa = PBXBuildFile; fileRef = 0B1449DA18FDB97400E5F037 /* Pages.storyboard */; };
		0B1449DF18FDBE7600E5F037 /* Localizable.strings in Resources */ = {isa = PBXBuildFile; fileRef = 0B1449DD18FDBE7600E5F037 /* Localizable.strings */; };
		0B1449E018FDBE7600E5F037 /* Localizable.strings in Resources */ = {isa = PBXBuildFile; fileRef = 0B1449DD18FDBE7600E5F037 /* Localizable.strings */; };
		0BABFDF218FDB64B000A253C /* Foundation.framework in Frameworks */ = {isa = PBXBuildFile; fileRef = 0BABFDF118FDB64B000A253C /* Foundation.framework */; };
		0BABFDF418FDB64B000A253C /* CoreGraphics.framework in Frameworks */ = {isa = PBXBuildFile; fileRef = 0BABFDF318FDB64B000A253C /* CoreGraphics.framework */; };
		0BABFDF618FDB64B000A253C /* UIKit.framework in Frameworks */ = {isa = PBXBuildFile; fileRef = 0BABFDF518FDB64B000A253C /* UIKit.framework */; };
		0BABFE1118FDB64B000A253C /* XCTest.framework in Frameworks */ = {isa = PBXBuildFile; fileRef = 0BABFE1018FDB64B000A253C /* XCTest.framework */; };
		0BABFE1218FDB64B000A253C /* Foundation.framework in Frameworks */ = {isa = PBXBuildFile; fileRef = 0BABFDF118FDB64B000A253C /* Foundation.framework */; };
		0BABFE1318FDB64B000A253C /* UIKit.framework in Frameworks */ = {isa = PBXBuildFile; fileRef = 0BABFDF518FDB64B000A253C /* UIKit.framework */; };
		0BABFE1B18FDB64B000A253C /* InfoPlist.strings in Resources */ = {isa = PBXBuildFile; fileRef = 0BABFE1918FDB64B000A253C /* InfoPlist.strings */; };
		0BABFE1D18FDB64B000A253C /* KeenListenerTests.m in Sources */ = {isa = PBXBuildFile; fileRef = 0BABFE1C18FDB64B000A253C /* KeenListenerTests.m */; };
/* End PBXBuildFile section */

/* Begin PBXContainerItemProxy section */
		0BABFE1418FDB64B000A253C /* PBXContainerItemProxy */ = {
			isa = PBXContainerItemProxy;
			containerPortal = 0BABFDE618FDB64B000A253C /* Project object */;
			proxyType = 1;
			remoteGlobalIDString = 0BABFDED18FDB64B000A253C;
			remoteInfo = KeenListener;
		};
/* End PBXContainerItemProxy section */

/* Begin PBXFileReference section */
		0B1449B218FDB78700E5F037 /* Images.xcassets */ = {isa = PBXFileReference; lastKnownFileType = folder.assetcatalog; path = Images.xcassets; sourceTree = "<group>"; };
		0B1449BF18FDB78700E5F037 /* KeenListener-Info.plist */ = {isa = PBXFileReference; fileEncoding = 4; lastKnownFileType = text.plist.xml; path = "KeenListener-Info.plist"; sourceTree = "<group>"; };
		0B1449C018FDB78700E5F037 /* KeenListener-Prefix.pch */ = {isa = PBXFileReference; fileEncoding = 4; lastKnownFileType = sourcecode.c.h; path = "KeenListener-Prefix.pch"; sourceTree = "<group>"; };
		0B1449C118FDB78700E5F037 /* main.m */ = {isa = PBXFileReference; fileEncoding = 4; lastKnownFileType = sourcecode.c.objc; path = main.m; sourceTree = "<group>"; };
		0B1449CF18FDB8EB00E5F037 /* AppDelegate.h */ = {isa = PBXFileReference; fileEncoding = 4; lastKnownFileType = sourcecode.c.h; path = AppDelegate.h; sourceTree = "<group>"; };
		0B1449D018FDB8EB00E5F037 /* AppDelegate.m */ = {isa = PBXFileReference; fileEncoding = 4; lastKnownFileType = sourcecode.c.objc; path = AppDelegate.m; sourceTree = "<group>"; };
		0B1449DA18FDB97400E5F037 /* Pages.storyboard */ = {isa = PBXFileReference; fileEncoding = 4; lastKnownFileType = file.storyboard; path = Pages.storyboard; sourceTree = "<group>"; };
		0B1449DE18FDBE7600E5F037 /* en */ = {isa = PBXFileReference; lastKnownFileType = text.plist.strings; name = en; path = en.lproj/Localizable.strings; sourceTree = "<group>"; };
		0BABFDEE18FDB64B000A253C /* KeenListener.app */ = {isa = PBXFileReference; explicitFileType = wrapper.application; includeInIndex = 0; path = KeenListener.app; sourceTree = BUILT_PRODUCTS_DIR; };
		0BABFDF118FDB64B000A253C /* Foundation.framework */ = {isa = PBXFileReference; lastKnownFileType = wrapper.framework; name = Foundation.framework; path = System/Library/Frameworks/Foundation.framework; sourceTree = SDKROOT; };
		0BABFDF318FDB64B000A253C /* CoreGraphics.framework */ = {isa = PBXFileReference; lastKnownFileType = wrapper.framework; name = CoreGraphics.framework; path = System/Library/Frameworks/CoreGraphics.framework; sourceTree = SDKROOT; };
		0BABFDF518FDB64B000A253C /* UIKit.framework */ = {isa = PBXFileReference; lastKnownFileType = wrapper.framework; name = UIKit.framework; path = System/Library/Frameworks/UIKit.framework; sourceTree = SDKROOT; };
		0BABFE0F18FDB64B000A253C /* KeenListenerTests.xctest */ = {isa = PBXFileReference; explicitFileType = wrapper.cfbundle; includeInIndex = 0; path = KeenListenerTests.xctest; sourceTree = BUILT_PRODUCTS_DIR; };
		0BABFE1018FDB64B000A253C /* XCTest.framework */ = {isa = PBXFileReference; lastKnownFileType = wrapper.framework; name = XCTest.framework; path = Library/Frameworks/XCTest.framework; sourceTree = DEVELOPER_DIR; };
		0BABFE1818FDB64B000A253C /* KeenListenerTests-Info.plist */ = {isa = PBXFileReference; lastKnownFileType = text.plist.xml; path = "KeenListenerTests-Info.plist"; sourceTree = "<group>"; };
		0BABFE1A18FDB64B000A253C /* en */ = {isa = PBXFileReference; lastKnownFileType = text.plist.strings; name = en; path = en.lproj/InfoPlist.strings; sourceTree = "<group>"; };
		0BABFE1C18FDB64B000A253C /* KeenListenerTests.m */ = {isa = PBXFileReference; lastKnownFileType = sourcecode.c.objc; path = KeenListenerTests.m; sourceTree = "<group>"; };
/* End PBXFileReference section */

/* Begin PBXFrameworksBuildPhase section */
		0BABFDEB18FDB64B000A253C /* Frameworks */ = {
			isa = PBXFrameworksBuildPhase;
			buildActionMask = 2147483647;
			files = (
				0BABFDF418FDB64B000A253C /* CoreGraphics.framework in Frameworks */,
				0BABFDF618FDB64B000A253C /* UIKit.framework in Frameworks */,
				0BABFDF218FDB64B000A253C /* Foundation.framework in Frameworks */,
			);
			runOnlyForDeploymentPostprocessing = 0;
		};
		0BABFE0C18FDB64B000A253C /* Frameworks */ = {
			isa = PBXFrameworksBuildPhase;
			buildActionMask = 2147483647;
			files = (
				0BABFE1118FDB64B000A253C /* XCTest.framework in Frameworks */,
				0BABFE1318FDB64B000A253C /* UIKit.framework in Frameworks */,
				0BABFE1218FDB64B000A253C /* Foundation.framework in Frameworks */,
			);
			runOnlyForDeploymentPostprocessing = 0;
		};
/* End PBXFrameworksBuildPhase section */

/* Begin PBXGroup section */
		0B1449B018FDB78700E5F037 /* Resources */ = {
			isa = PBXGroup;
			children = (
				0B1449B118FDB78700E5F037 /* Files */,
				0B1449B218FDB78700E5F037 /* Images.xcassets */,
			);
			path = Resources;
			sourceTree = "<group>";
		};
		0B1449B118FDB78700E5F037 /* Files */ = {
			isa = PBXGroup;
			children = (
			);
			path = Files;
			sourceTree = "<group>";
		};
		0B1449B318FDB78700E5F037 /* Sources */ = {
			isa = PBXGroup;
			children = (
				0B1449CF18FDB8EB00E5F037 /* AppDelegate.h */,
				0B1449D018FDB8EB00E5F037 /* AppDelegate.m */,
				0B1449B418FDB78700E5F037 /* Custom */,
				0B1449B518FDB78700E5F037 /* Helpers */,
				0B1449B618FDB78700E5F037 /* Network */,
				0B1449B718FDB78700E5F037 /* Pages */,
				0B1449B818FDB78700E5F037 /* Supporting Files */,
			);
			path = Sources;
			sourceTree = "<group>";
		};
		0B1449B418FDB78700E5F037 /* Custom */ = {
			isa = PBXGroup;
			children = (
			);
			path = Custom;
			sourceTree = "<group>";
		};
		0B1449B518FDB78700E5F037 /* Helpers */ = {
			isa = PBXGroup;
			children = (
			);
			path = Helpers;
			sourceTree = "<group>";
		};
		0B1449B618FDB78700E5F037 /* Network */ = {
			isa = PBXGroup;
			children = (
			);
			path = Network;
			sourceTree = "<group>";
		};
		0B1449B718FDB78700E5F037 /* Pages */ = {
			isa = PBXGroup;
			children = (
				0B1449DA18FDB97400E5F037 /* Pages.storyboard */,
				0B1449E118FDBF0800E5F037 /* Intro Screen */,
				0B1449D318FDB95500E5F037 /* About Screen */,
				0B1449D418FDB95500E5F037 /* Feedback Screen */,
				0B1449D618FDB95500E5F037 /* Presentation Screen */,
				0B1449D718FDB95500E5F037 /* Settings Screen */,
			);
			path = Pages;
			sourceTree = "<group>";
		};
		0B1449B818FDB78700E5F037 /* Supporting Files */ = {
			isa = PBXGroup;
			children = (
				0B1449DD18FDBE7600E5F037 /* Localizable.strings */,
				0B1449BF18FDB78700E5F037 /* KeenListener-Info.plist */,
				0B1449C018FDB78700E5F037 /* KeenListener-Prefix.pch */,
				0B1449C118FDB78700E5F037 /* main.m */,
			);
			path = "Supporting Files";
			sourceTree = "<group>";
		};
		0B1449C218FDB78700E5F037 /* Submodules */ = {
			isa = PBXGroup;
			children = (
			);
			path = Submodules;
			sourceTree = "<group>";
		};
		0B1449D318FDB95500E5F037 /* About Screen */ = {
			isa = PBXGroup;
			children = (
			);
			path = "About Screen";
			sourceTree = "<group>";
		};
		0B1449D418FDB95500E5F037 /* Feedback Screen */ = {
			isa = PBXGroup;
			children = (
			);
			path = "Feedback Screen";
			sourceTree = "<group>";
		};
		0B1449D618FDB95500E5F037 /* Presentation Screen */ = {
			isa = PBXGroup;
			children = (
			);
			path = "Presentation Screen";
			sourceTree = "<group>";
		};
		0B1449D718FDB95500E5F037 /* Settings Screen */ = {
			isa = PBXGroup;
			children = (
			);
			path = "Settings Screen";
			sourceTree = "<group>";
		};
		0B1449E118FDBF0800E5F037 /* Intro Screen */ = {
			isa = PBXGroup;
			children = (
			);
			path = "Intro Screen";
			sourceTree = "<group>";
		};
		0BABFDE518FDB64B000A253C = {
			isa = PBXGroup;
			children = (
				0B1449B318FDB78700E5F037 /* Sources */,
				0B1449B018FDB78700E5F037 /* Resources */,
				0B1449C218FDB78700E5F037 /* Submodules */,
				0BABFDF018FDB64B000A253C /* Frameworks */,
				0BABFE1618FDB64B000A253C /* KeenListenerTests */,
				0BABFDEF18FDB64B000A253C /* Products */,
			);
			sourceTree = "<group>";
		};
		0BABFDEF18FDB64B000A253C /* Products */ = {
			isa = PBXGroup;
			children = (
				0BABFDEE18FDB64B000A253C /* KeenListener.app */,
				0BABFE0F18FDB64B000A253C /* KeenListenerTests.xctest */,
			);
			name = Products;
			sourceTree = "<group>";
		};
		0BABFDF018FDB64B000A253C /* Frameworks */ = {
			isa = PBXGroup;
			children = (
				0BABFDF118FDB64B000A253C /* Foundation.framework */,
				0BABFDF318FDB64B000A253C /* CoreGraphics.framework */,
				0BABFDF518FDB64B000A253C /* UIKit.framework */,
				0BABFE1018FDB64B000A253C /* XCTest.framework */,
			);
			name = Frameworks;
			sourceTree = "<group>";
		};
		0BABFE1618FDB64B000A253C /* KeenListenerTests */ = {
			isa = PBXGroup;
			children = (
				0BABFE1C18FDB64B000A253C /* KeenListenerTests.m */,
				0BABFE1718FDB64B000A253C /* Supporting Files */,
			);
			path = KeenListenerTests;
			sourceTree = "<group>";
		};
		0BABFE1718FDB64B000A253C /* Supporting Files */ = {
			isa = PBXGroup;
			children = (
				0BABFE1818FDB64B000A253C /* KeenListenerTests-Info.plist */,
				0BABFE1918FDB64B000A253C /* InfoPlist.strings */,
			);
			name = "Supporting Files";
			sourceTree = "<group>";
		};
/* End PBXGroup section */

/* Begin PBXNativeTarget section */
		0BABFDED18FDB64B000A253C /* KeenListener */ = {
			isa = PBXNativeTarget;
			buildConfigurationList = 0BABFE2018FDB64B000A253C /* Build configuration list for PBXNativeTarget "KeenListener" */;
			buildPhases = (
				0BABFDEA18FDB64B000A253C /* Sources */,
				0BABFDEB18FDB64B000A253C /* Frameworks */,
				0BABFDEC18FDB64B000A253C /* Resources */,
			);
			buildRules = (
			);
			dependencies = (
			);
			name = KeenListener;
			productName = KeenListener;
			productReference = 0BABFDEE18FDB64B000A253C /* KeenListener.app */;
			productType = "com.apple.product-type.application";
		};
		0BABFE0E18FDB64B000A253C /* KeenListenerTests */ = {
			isa = PBXNativeTarget;
			buildConfigurationList = 0BABFE2318FDB64B000A253C /* Build configuration list for PBXNativeTarget "KeenListenerTests" */;
			buildPhases = (
				0BABFE0B18FDB64B000A253C /* Sources */,
				0BABFE0C18FDB64B000A253C /* Frameworks */,
				0BABFE0D18FDB64B000A253C /* Resources */,
			);
			buildRules = (
			);
			dependencies = (
				0BABFE1518FDB64B000A253C /* PBXTargetDependency */,
			);
			name = KeenListenerTests;
			productName = KeenListenerTests;
			productReference = 0BABFE0F18FDB64B000A253C /* KeenListenerTests.xctest */;
			productType = "com.apple.product-type.bundle.unit-test";
		};
/* End PBXNativeTarget section */

/* Begin PBXProject section */
		0BABFDE618FDB64B000A253C /* Project object */ = {
			isa = PBXProject;
			attributes = {
				LastUpgradeCheck = 0510;
				ORGANIZATIONNAME = "Sig Inc.";
				TargetAttributes = {
					0BABFE0E18FDB64B000A253C = {
						TestTargetID = 0BABFDED18FDB64B000A253C;
					};
				};
			};
			buildConfigurationList = 0BABFDE918FDB64B000A253C /* Build configuration list for PBXProject "KeenListener" */;
			compatibilityVersion = "Xcode 3.2";
			developmentRegion = English;
			hasScannedForEncodings = 0;
			knownRegions = (
				en,
				Base,
			);
			mainGroup = 0BABFDE518FDB64B000A253C;
			productRefGroup = 0BABFDEF18FDB64B000A253C /* Products */;
			projectDirPath = "";
			projectRoot = "";
			targets = (
				0BABFDED18FDB64B000A253C /* KeenListener */,
				0BABFE0E18FDB64B000A253C /* KeenListenerTests */,
			);
		};
/* End PBXProject section */

/* Begin PBXResourcesBuildPhase section */
		0BABFDEC18FDB64B000A253C /* Resources */ = {
			isa = PBXResourcesBuildPhase;
			buildActionMask = 2147483647;
			files = (
				0B1449C318FDB78700E5F037 /* Images.xcassets in Resources */,
				0B1449DF18FDBE7600E5F037 /* Localizable.strings in Resources */,
				0B1449CB18FDB78700E5F037 /* KeenListener-Info.plist in Resources */,
				0B1449DB18FDB97400E5F037 /* Pages.storyboard in Resources */,
			);
			runOnlyForDeploymentPostprocessing = 0;
		};
		0BABFE0D18FDB64B000A253C /* Resources */ = {
			isa = PBXResourcesBuildPhase;
			buildActionMask = 2147483647;
			files = (
				0B1449E018FDBE7600E5F037 /* Localizable.strings in Resources */,
				0B1449CC18FDB78700E5F037 /* KeenListener-Info.plist in Resources */,
				0BABFE1B18FDB64B000A253C /* InfoPlist.strings in Resources */,
				0B1449C418FDB78700E5F037 /* Images.xcassets in Resources */,
				0B1449DC18FDB97400E5F037 /* Pages.storyboard in Resources */,
			);
			runOnlyForDeploymentPostprocessing = 0;
		};
/* End PBXResourcesBuildPhase section */

/* Begin PBXSourcesBuildPhase section */
		0BABFDEA18FDB64B000A253C /* Sources */ = {
			isa = PBXSourcesBuildPhase;
			buildActionMask = 2147483647;
			files = (
				0B1449D118FDB8EB00E5F037 /* AppDelegate.m in Sources */,
				0B1449CD18FDB78700E5F037 /* main.m in Sources */,
			);
			runOnlyForDeploymentPostprocessing = 0;
		};
		0BABFE0B18FDB64B000A253C /* Sources */ = {
			isa = PBXSourcesBuildPhase;
			buildActionMask = 2147483647;
			files = (
				0B1449CE18FDB78700E5F037 /* main.m in Sources */,
				0BABFE1D18FDB64B000A253C /* KeenListenerTests.m in Sources */,
				0B1449D218FDB8EB00E5F037 /* AppDelegate.m in Sources */,
			);
			runOnlyForDeploymentPostprocessing = 0;
		};
/* End PBXSourcesBuildPhase section */

/* Begin PBXTargetDependency section */
		0BABFE1518FDB64B000A253C /* PBXTargetDependency */ = {
			isa = PBXTargetDependency;
			target = 0BABFDED18FDB64B000A253C /* KeenListener */;
			targetProxy = 0BABFE1418FDB64B000A253C /* PBXContainerItemProxy */;
		};
/* End PBXTargetDependency section */

/* Begin PBXVariantGroup section */
		0B1449DD18FDBE7600E5F037 /* Localizable.strings */ = {
			isa = PBXVariantGroup;
			children = (
				0B1449DE18FDBE7600E5F037 /* en */,
			);
			name = Localizable.strings;
			sourceTree = "<group>";
		};
		0BABFE1918FDB64B000A253C /* InfoPlist.strings */ = {
			isa = PBXVariantGroup;
			children = (
				0BABFE1A18FDB64B000A253C /* en */,
			);
			name = InfoPlist.strings;
			sourceTree = "<group>";
		};
/* End PBXVariantGroup section */

/* Begin XCBuildConfiguration section */
		0BABFE1E18FDB64B000A253C /* Debug */ = {
			isa = XCBuildConfiguration;
			buildSettings = {
				ALWAYS_SEARCH_USER_PATHS = NO;
				CLANG_CXX_LANGUAGE_STANDARD = "gnu++0x";
				CLANG_CXX_LIBRARY = "libc++";
				CLANG_ENABLE_MODULES = YES;
				CLANG_ENABLE_OBJC_ARC = YES;
				CLANG_WARN_BOOL_CONVERSION = YES;
				CLANG_WARN_CONSTANT_CONVERSION = YES;
				CLANG_WARN_DIRECT_OBJC_ISA_USAGE = YES_ERROR;
				CLANG_WARN_EMPTY_BODY = YES;
				CLANG_WARN_ENUM_CONVERSION = YES;
				CLANG_WARN_INT_CONVERSION = YES;
				CLANG_WARN_OBJC_ROOT_CLASS = YES_ERROR;
				CLANG_WARN__DUPLICATE_METHOD_MATCH = YES;
				CODE_SIGN_IDENTITY = "iPhone Developer";
				"CODE_SIGN_IDENTITY[sdk=iphoneos*]" = "iPhone Developer";
				COPY_PHASE_STRIP = NO;
				GCC_C_LANGUAGE_STANDARD = gnu99;
				GCC_DYNAMIC_NO_PIC = NO;
				GCC_OPTIMIZATION_LEVEL = 0;
				GCC_PREPROCESSOR_DEFINITIONS = (
					"DEBUG=1",
					"$(inherited)",
				);
				GCC_SYMBOLS_PRIVATE_EXTERN = NO;
				GCC_WARN_64_TO_32_BIT_CONVERSION = YES;
				GCC_WARN_ABOUT_RETURN_TYPE = YES_ERROR;
				GCC_WARN_UNDECLARED_SELECTOR = YES;
				GCC_WARN_UNINITIALIZED_AUTOS = YES_AGGRESSIVE;
				GCC_WARN_UNUSED_FUNCTION = YES;
				GCC_WARN_UNUSED_VARIABLE = YES;
				IPHONEOS_DEPLOYMENT_TARGET = 7.1;
				ONLY_ACTIVE_ARCH = YES;
				SDKROOT = iphoneos;
			};
			name = Debug;
		};
		0BABFE1F18FDB64B000A253C /* Release */ = {
			isa = XCBuildConfiguration;
			buildSettings = {
				ALWAYS_SEARCH_USER_PATHS = NO;
				CLANG_CXX_LANGUAGE_STANDARD = "gnu++0x";
				CLANG_CXX_LIBRARY = "libc++";
				CLANG_ENABLE_MODULES = YES;
				CLANG_ENABLE_OBJC_ARC = YES;
				CLANG_WARN_BOOL_CONVERSION = YES;
				CLANG_WARN_CONSTANT_CONVERSION = YES;
				CLANG_WARN_DIRECT_OBJC_ISA_USAGE = YES_ERROR;
				CLANG_WARN_EMPTY_BODY = YES;
				CLANG_WARN_ENUM_CONVERSION = YES;
				CLANG_WARN_INT_CONVERSION = YES;
				CLANG_WARN_OBJC_ROOT_CLASS = YES_ERROR;
				CLANG_WARN__DUPLICATE_METHOD_MATCH = YES;
				CODE_SIGN_IDENTITY = "iPhone Developer";
				"CODE_SIGN_IDENTITY[sdk=iphoneos*]" = "iPhone Developer";
				COPY_PHASE_STRIP = YES;
				ENABLE_NS_ASSERTIONS = NO;
				GCC_C_LANGUAGE_STANDARD = gnu99;
				GCC_WARN_64_TO_32_BIT_CONVERSION = YES;
				GCC_WARN_ABOUT_RETURN_TYPE = YES_ERROR;
				GCC_WARN_UNDECLARED_SELECTOR = YES;
				GCC_WARN_UNINITIALIZED_AUTOS = YES_AGGRESSIVE;
				GCC_WARN_UNUSED_FUNCTION = YES;
				GCC_WARN_UNUSED_VARIABLE = YES;
				IPHONEOS_DEPLOYMENT_TARGET = 7.1;
				SDKROOT = iphoneos;
				VALIDATE_PRODUCT = YES;
			};
			name = Release;
		};
		0BABFE2118FDB64B000A253C /* Debug */ = {
			isa = XCBuildConfiguration;
			buildSettings = {
				ASSETCATALOG_COMPILER_APPICON_NAME = AppIcon;
				ASSETCATALOG_COMPILER_LAUNCHIMAGE_NAME = LaunchImage;
				CODE_SIGN_IDENTITY = "iPhone Developer";
				"CODE_SIGN_IDENTITY[sdk=iphoneos*]" = "iPhone Developer";
				GCC_PRECOMPILE_PREFIX_HEADER = YES;
				GCC_PREFIX_HEADER = "Sources/Supporting Files/KeenListener-Prefix.pch";
				INFOPLIST_FILE = "$(SRCROOT)/Sources/Supporting Files/KeenListener-Info.plist";
				IPHONEOS_DEPLOYMENT_TARGET = 7.0;
				PRODUCT_NAME = "$(TARGET_NAME)";
				PROVISIONING_PROFILE = "";
				WRAPPER_EXTENSION = app;
			};
			name = Debug;
		};
		0BABFE2218FDB64B000A253C /* Release */ = {
			isa = XCBuildConfiguration;
			buildSettings = {
				ASSETCATALOG_COMPILER_APPICON_NAME = AppIcon;
				ASSETCATALOG_COMPILER_LAUNCHIMAGE_NAME = LaunchImage;
				CODE_SIGN_IDENTITY = "iPhone Developer";
				"CODE_SIGN_IDENTITY[sdk=iphoneos*]" = "iPhone Developer";
				GCC_PRECOMPILE_PREFIX_HEADER = YES;
				GCC_PREFIX_HEADER = "Sources/Supporting Files/KeenListener-Prefix.pch";
				INFOPLIST_FILE = "$(SRCROOT)/Sources/Supporting Files/KeenListener-Info.plist";
				IPHONEOS_DEPLOYMENT_TARGET = 7.0;
				PRODUCT_NAME = "$(TARGET_NAME)";
				PROVISIONING_PROFILE = "";
				WRAPPER_EXTENSION = app;
			};
			name = Release;
		};
		0BABFE2418FDB64B000A253C /* Debug */ = {
			isa = XCBuildConfiguration;
			buildSettings = {
				BUNDLE_LOADER = "$(BUILT_PRODUCTS_DIR)/KeenListener.app/KeenListener";
				FRAMEWORK_SEARCH_PATHS = (
					"$(SDKROOT)/Developer/Library/Frameworks",
					"$(inherited)",
					"$(DEVELOPER_FRAMEWORKS_DIR)",
				);
				GCC_PRECOMPILE_PREFIX_HEADER = YES;
				GCC_PREFIX_HEADER = "KeenListener/KeenListener-Prefix.pch";
				GCC_PREPROCESSOR_DEFINITIONS = (
					"DEBUG=1",
					"$(inherited)",
				);
				INFOPLIST_FILE = "KeenListenerTests/KeenListenerTests-Info.plist";
				PRODUCT_NAME = "$(TARGET_NAME)";
				TEST_HOST = "$(BUNDLE_LOADER)";
				WRAPPER_EXTENSION = xctest;
			};
			name = Debug;
		};
		0BABFE2518FDB64B000A253C /* Release */ = {
			isa = XCBuildConfiguration;
			buildSettings = {
				BUNDLE_LOADER = "$(BUILT_PRODUCTS_DIR)/KeenListener.app/KeenListener";
				FRAMEWORK_SEARCH_PATHS = (
					"$(SDKROOT)/Developer/Library/Frameworks",
					"$(inherited)",
					"$(DEVELOPER_FRAMEWORKS_DIR)",
				);
				GCC_PRECOMPILE_PREFIX_HEADER = YES;
				GCC_PREFIX_HEADER = "KeenListener/KeenListener-Prefix.pch";
				INFOPLIST_FILE = "KeenListenerTests/KeenListenerTests-Info.plist";
				PRODUCT_NAME = "$(TARGET_NAME)";
				TEST_HOST = "$(BUNDLE_LOADER)";
				WRAPPER_EXTENSION = xctest;
			};
			name = Release;
		};
/* End XCBuildConfiguration section */

/* Begin XCConfigurationList section */
		0BABFDE918FDB64B000A253C /* Build configuration list for PBXProject "KeenListener" */ = {
			isa = XCConfigurationList;
			buildConfigurations = (
				0BABFE1E18FDB64B000A253C /* Debug */,
				0BABFE1F18FDB64B000A253C /* Release */,
			);
			defaultConfigurationIsVisible = 0;
			defaultConfigurationName = Release;
		};
		0BABFE2018FDB64B000A253C /* Build configuration list for PBXNativeTarget "KeenListener" */ = {
			isa = XCConfigurationList;
			buildConfigurations = (
				0BABFE2118FDB64B000A253C /* Debug */,
				0BABFE2218FDB64B000A253C /* Release */,
			);
			defaultConfigurationIsVisible = 0;
			defaultConfigurationName = Release;
		};
		0BABFE2318FDB64B000A253C /* Build configuration list for PBXNativeTarget "KeenListenerTests" */ = {
			isa = XCConfigurationList;
			buildConfigurations = (
				0BABFE2418FDB64B000A253C /* Debug */,
				0BABFE2518FDB64B000A253C /* Release */,
			);
			defaultConfigurationIsVisible = 0;
			defaultConfigurationName = Release;
		};
/* End XCConfigurationList section */
	};
	rootObject = 0BABFDE618FDB64B000A253C /* Project object */;
}
